
Microsoft Visual Studio Solution File, Format Version 12.00
# Visual Studio 14
VisualStudioVersion = 14.0.25420.1
MinimumVisualStudioVersion = 10.0.40219.1
Project("{8BC9CEB8-8B4A-11D0-8D11-00A0C91BC942}") = "1~100", "1_求和\1_求和.vcxproj", "{1FEE8D94-F63F-4E00-8335-0975EF48E131}"
EndProject
Project("{8BC9CEB8-8B4A-11D0-8D11-00A0C91BC942}") = "！！！归并排序！！！", "！！！归并排序！！！\！！！归并排序！！！.vcxproj", "{5F5D74A2-AF6A-4B7B-A314-6E71AE069833}"
EndProject
Project("{8BC9CEB8-8B4A-11D0-8D11-00A0C91BC942}") = "！！！快速排序！！！", "！！！快速排序！！！\！！！快速排序！！！.vcxproj", "{C7D2CFDC-853A-47CA-B27D-526ABAA21494}"
EndProject
Project("{8BC9CEB8-8B4A-11D0-8D11-00A0C91BC942}") = "N枚数剩M个", "N枚数剩M个\N枚数剩M个.vcxproj", "{960F6F5B-7F05-43C0-8AC1-5FCEFE25E2A6}"
EndProject
Project("{8BC9CEB8-8B4A-11D0-8D11-00A0C91BC942}") = "动态规划—最短有序数列", "动态规划—最短有序数列\动态规划—最短有序数列.vcxproj", "{4EFB24CA-8894-4F49-8CAA-6AB70B65E7EF}"
EndProject
Project("{8BC9CEB8-8B4A-11D0-8D11-00A0C91BC942}") = "101~200", "101~200\101~200.vcxproj", "{3658413B-6BC5-481F-B896-12BC810C8647}"
EndProject
Project("{8BC9CEB8-8B4A-11D0-8D11-00A0C91BC942}") = "201~300", "201~300\201~300.vcxproj", "{3A8967F6-E19B-4028-8F0A-820C414A258E}"
EndProject
Project("{8BC9CEB8-8B4A-11D0-8D11-00A0C91BC942}") = "！！！链表！！！", "！！！链表！！！\！！！链表！！！.vcxproj", "{72A30B21-21F2-4D8C-A505-1AAE8083FB0B}"
EndProject
Project("{8BC9CEB8-8B4A-11D0-8D11-00A0C91BC942}") = "！！！栈！！！", "！！！栈！！！\！！！栈！！！.vcxproj", "{48C0875E-C8CA-45C1-877E-AE0B7B5D8AF4}"
EndProject
Project("{8BC9CEB8-8B4A-11D0-8D11-00A0C91BC942}") = "！！！队！！！", "！！！队！！！\！！！队！！！.vcxproj", "{6932BB3E-D39A-4CFC-8644-6F4D1DC09643}"
EndProject
Project("{8BC9CEB8-8B4A-11D0-8D11-00A0C91BC942}") = "！！！树！！！", "！！！树！！！\！！！树！！！.vcxproj", "{E37FAF7A-981F-4EF9-A484-3C0F0B37A3A2}"
EndProject
Project("{8BC9CEB8-8B4A-11D0-8D11-00A0C91BC942}") = "300+", "300+\300+.vcxproj", "{26807C0B-9CC9-4454-85D2-12F6B62CB711}"
EndProject
Project("{8BC9CEB8-8B4A-11D0-8D11-00A0C91BC942}") = "！！！哈希！！！", "！！！哈希！！！\！！！哈希！！！.vcxproj", "{23FAB62A-E0F8-4D80-9373-9DE7E1BE64B6}"
EndProject
Project("{8BC9CEB8-8B4A-11D0-8D11-00A0C91BC942}") = "哈夫曼树", "哈夫曼树\哈夫曼树.vcxproj", "{0762678D-2B43-48FE-9673-6A8EDBB1665E}"
EndProject
Project("{8BC9CEB8-8B4A-11D0-8D11-00A0C91BC942}") = "！！！堆！！！", "！！！堆！！！\！！！堆！！！.vcxproj", "{879E755D-18C5-4671-B64F-8902C280A436}"
EndProject
Project("{8BC9CEB8-8B4A-11D0-8D11-00A0C91BC942}") = "！！二分查找！！", "！！二分查找！！\！！二分查找！！.vcxproj", "{B9B63134-AEA0-439A-8716-441C3A3A2013}"
EndProject
Project("{8BC9CEB8-8B4A-11D0-8D11-00A0C91BC942}") = "！！！字符串匹配！！！", "字符串匹配\字符串匹配.vcxproj", "{1C3EC7CC-5308-499E-AE6B-A010E2E1524F}"
EndProject
Project("{8BC9CEB8-8B4A-11D0-8D11-00A0C91BC942}") = "Trie树", "Trie树\Trie树.vcxproj", "{01D33F0E-4B10-4E97-B215-BF9A79FDEAE0}"
EndProject
Project("{8BC9CEB8-8B4A-11D0-8D11-00A0C91BC942}") = "杂项", "杂项\杂项.vcxproj", "{7689933A-0E5E-4EFC-A4B9-A55F995629FF}"
EndProject
Project("{8BC9CEB8-8B4A-11D0-8D11-00A0C91BC942}") = "线性表模板", "线性表模板\线性表模板.vcxproj", "{669F2456-1576-4DD4-AE19-8FF2CC58DA28}"
EndProject
Project("{8BC9CEB8-8B4A-11D0-8D11-00A0C91BC942}") = "lambda", "lambda\lambda.vcxproj", "{5AFEC1A3-4938-4FE4-973A-BC6CF04B3631}"
EndProject
Project("{8BC9CEB8-8B4A-11D0-8D11-00A0C91BC942}") = "结构体测试", "结构体测试\结构体测试.vcxproj", "{A099B00D-BAD0-4C37-87FB-A5E522B71B56}"
EndProject
Project("{8BC9CEB8-8B4A-11D0-8D11-00A0C91BC942}") = "泛型编程", "泛型编程\泛型编程.vcxproj", "{2D5F9FAC-6C6D-44F1-8264-F2F284F43FE1}"
EndProject
Project("{8BC9CEB8-8B4A-11D0-8D11-00A0C91BC942}") = "落谷", "落谷\落谷.vcxproj", "{719A824C-2F4C-4321-B339-AE7A1F384269}"
EndProject
Global
	GlobalSection(SolutionConfigurationPlatforms) = preSolution
		Debug|x64 = Debug|x64
		Debug|x86 = Debug|x86
		Release|x64 = Release|x64
		Release|x86 = Release|x86
	EndGlobalSection
	GlobalSection(ProjectConfigurationPlatforms) = postSolution
		{1FEE8D94-F63F-4E00-8335-0975EF48E131}.Debug|x64.ActiveCfg = Debug|x64
		{1FEE8D94-F63F-4E00-8335-0975EF48E131}.Debug|x64.Build.0 = Debug|x64
		{1FEE8D94-F63F-4E00-8335-0975EF48E131}.Debug|x86.ActiveCfg = Debug|Win32
		{1FEE8D94-F63F-4E00-8335-0975EF48E131}.Debug|x86.Build.0 = Debug|Win32
		{1FEE8D94-F63F-4E00-8335-0975EF48E131}.Release|x64.ActiveCfg = Release|x64
		{1FEE8D94-F63F-4E00-8335-0975EF48E131}.Release|x64.Build.0 = Release|x64
		{1FEE8D94-F63F-4E00-8335-0975EF48E131}.Release|x86.ActiveCfg = Release|Win32
		{1FEE8D94-F63F-4E00-8335-0975EF48E131}.Release|x86.Build.0 = Release|Win32
		{5F5D74A2-AF6A-4B7B-A314-6E71AE069833}.Debug|x64.ActiveCfg = Debug|x64
		{5F5D74A2-AF6A-4B7B-A314-6E71AE069833}.Debug|x64.Build.0 = Debug|x64
		{5F5D74A2-AF6A-4B7B-A314-6E71AE069833}.Debug|x86.ActiveCfg = Debug|Win32
		{5F5D74A2-AF6A-4B7B-A314-6E71AE069833}.Debug|x86.Build.0 = Debug|Win32
		{5F5D74A2-AF6A-4B7B-A314-6E71AE069833}.Release|x64.ActiveCfg = Release|x64
		{5F5D74A2-AF6A-4B7B-A314-6E71AE069833}.Release|x64.Build.0 = Release|x64
		{5F5D74A2-AF6A-4B7B-A314-6E71AE069833}.Release|x86.ActiveCfg = Release|Win32
		{5F5D74A2-AF6A-4B7B-A314-6E71AE069833}.Release|x86.Build.0 = Release|Win32
		{C7D2CFDC-853A-47CA-B27D-526ABAA21494}.Debug|x64.ActiveCfg = Debug|x64
		{C7D2CFDC-853A-47CA-B27D-526ABAA21494}.Debug|x64.Build.0 = Debug|x64
		{C7D2CFDC-853A-47CA-B27D-526ABAA21494}.Debug|x86.ActiveCfg = Debug|Win32
		{C7D2CFDC-853A-47CA-B27D-526ABAA21494}.Debug|x86.Build.0 = Debug|Win32
		{C7D2CFDC-853A-47CA-B27D-526ABAA21494}.Release|x64.ActiveCfg = Release|x64
		{C7D2CFDC-853A-47CA-B27D-526ABAA21494}.Release|x64.Build.0 = Release|x64
		{C7D2CFDC-853A-47CA-B27D-526ABAA21494}.Release|x86.ActiveCfg = Release|Win32
		{C7D2CFDC-853A-47CA-B27D-526ABAA21494}.Release|x86.Build.0 = Release|Win32
		{960F6F5B-7F05-43C0-8AC1-5FCEFE25E2A6}.Debug|x64.ActiveCfg = Debug|x64
		{960F6F5B-7F05-43C0-8AC1-5FCEFE25E2A6}.Debug|x64.Build.0 = Debug|x64
		{960F6F5B-7F05-43C0-8AC1-5FCEFE25E2A6}.Debug|x86.ActiveCfg = Debug|Win32
		{960F6F5B-7F05-43C0-8AC1-5FCEFE25E2A6}.Debug|x86.Build.0 = Debug|Win32
		{960F6F5B-7F05-43C0-8AC1-5FCEFE25E2A6}.Release|x64.ActiveCfg = Release|x64
		{960F6F5B-7F05-43C0-8AC1-5FCEFE25E2A6}.Release|x64.Build.0 = Release|x64
		{960F6F5B-7F05-43C0-8AC1-5FCEFE25E2A6}.Release|x86.ActiveCfg = Release|Win32
		{960F6F5B-7F05-43C0-8AC1-5FCEFE25E2A6}.Release|x86.Build.0 = Release|Win32
		{4EFB24CA-8894-4F49-8CAA-6AB70B65E7EF}.Debug|x64.ActiveCfg = Debug|x64
		{4EFB24CA-8894-4F49-8CAA-6AB70B65E7EF}.Debug|x64.Build.0 = Debug|x64
		{4EFB24CA-8894-4F49-8CAA-6AB70B65E7EF}.Debug|x86.ActiveCfg = Debug|Win32
		{4EFB24CA-8894-4F49-8CAA-6AB70B65E7EF}.Debug|x86.Build.0 = Debug|Win32
		{4EFB24CA-8894-4F49-8CAA-6AB70B65E7EF}.Release|x64.ActiveCfg = Release|x64
		{4EFB24CA-8894-4F49-8CAA-6AB70B65E7EF}.Release|x64.Build.0 = Release|x64
		{4EFB24CA-8894-4F49-8CAA-6AB70B65E7EF}.Release|x86.ActiveCfg = Release|Win32
		{4EFB24CA-8894-4F49-8CAA-6AB70B65E7EF}.Release|x86.Build.0 = Release|Win32
		{3658413B-6BC5-481F-B896-12BC810C8647}.Debug|x64.ActiveCfg = Debug|x64
		{3658413B-6BC5-481F-B896-12BC810C8647}.Debug|x64.Build.0 = Debug|x64
		{3658413B-6BC5-481F-B896-12BC810C8647}.Debug|x86.ActiveCfg = Debug|Win32
		{3658413B-6BC5-481F-B896-12BC810C8647}.Debug|x86.Build.0 = Debug|Win32
		{3658413B-6BC5-481F-B896-12BC810C8647}.Release|x64.ActiveCfg = Release|x64
		{3658413B-6BC5-481F-B896-12BC810C8647}.Release|x64.Build.0 = Release|x64
		{3658413B-6BC5-481F-B896-12BC810C8647}.Release|x86.ActiveCfg = Release|Win32
		{3658413B-6BC5-481F-B896-12BC810C8647}.Release|x86.Build.0 = Release|Win32
		{3A8967F6-E19B-4028-8F0A-820C414A258E}.Debug|x64.ActiveCfg = Debug|x64
		{3A8967F6-E19B-4028-8F0A-820C414A258E}.Debug|x64.Build.0 = Debug|x64
		{3A8967F6-E19B-4028-8F0A-820C414A258E}.Debug|x86.ActiveCfg = Debug|Win32
		{3A8967F6-E19B-4028-8F0A-820C414A258E}.Debug|x86.Build.0 = Debug|Win32
		{3A8967F6-E19B-4028-8F0A-820C414A258E}.Release|x64.ActiveCfg = Release|x64
		{3A8967F6-E19B-4028-8F0A-820C414A258E}.Release|x64.Build.0 = Release|x64
		{3A8967F6-E19B-4028-8F0A-820C414A258E}.Release|x86.ActiveCfg = Release|Win32
		{3A8967F6-E19B-4028-8F0A-820C414A258E}.Release|x86.Build.0 = Release|Win32
		{72A30B21-21F2-4D8C-A505-1AAE8083FB0B}.Debug|x64.ActiveCfg = Debug|x64
		{72A30B21-21F2-4D8C-A505-1AAE8083FB0B}.Debug|x64.Build.0 = Debug|x64
		{72A30B21-21F2-4D8C-A505-1AAE8083FB0B}.Debug|x86.ActiveCfg = Debug|Win32
		{72A30B21-21F2-4D8C-A505-1AAE8083FB0B}.Debug|x86.Build.0 = Debug|Win32
		{72A30B21-21F2-4D8C-A505-1AAE8083FB0B}.Release|x64.ActiveCfg = Release|x64
		{72A30B21-21F2-4D8C-A505-1AAE8083FB0B}.Release|x64.Build.0 = Release|x64
		{72A30B21-21F2-4D8C-A505-1AAE8083FB0B}.Release|x86.ActiveCfg = Release|Win32
		{72A30B21-21F2-4D8C-A505-1AAE8083FB0B}.Release|x86.Build.0 = Release|Win32
		{48C0875E-C8CA-45C1-877E-AE0B7B5D8AF4}.Debug|x64.ActiveCfg = Debug|x64
		{48C0875E-C8CA-45C1-877E-AE0B7B5D8AF4}.Debug|x64.Build.0 = Debug|x64
		{48C0875E-C8CA-45C1-877E-AE0B7B5D8AF4}.Debug|x86.ActiveCfg = Debug|Win32
		{48C0875E-C8CA-45C1-877E-AE0B7B5D8AF4}.Debug|x86.Build.0 = Debug|Win32
		{48C0875E-C8CA-45C1-877E-AE0B7B5D8AF4}.Release|x64.ActiveCfg = Release|x64
		{48C0875E-C8CA-45C1-877E-AE0B7B5D8AF4}.Release|x64.Build.0 = Release|x64
		{48C0875E-C8CA-45C1-877E-AE0B7B5D8AF4}.Release|x86.ActiveCfg = Release|Win32
		{48C0875E-C8CA-45C1-877E-AE0B7B5D8AF4}.Release|x86.Build.0 = Release|Win32
		{6932BB3E-D39A-4CFC-8644-6F4D1DC09643}.Debug|x64.ActiveCfg = Debug|x64
		{6932BB3E-D39A-4CFC-8644-6F4D1DC09643}.Debug|x64.Build.0 = Debug|x64
		{6932BB3E-D39A-4CFC-8644-6F4D1DC09643}.Debug|x86.ActiveCfg = Debug|Win32
		{6932BB3E-D39A-4CFC-8644-6F4D1DC09643}.Debug|x86.Build.0 = Debug|Win32
		{6932BB3E-D39A-4CFC-8644-6F4D1DC09643}.Release|x64.ActiveCfg = Release|x64
		{6932BB3E-D39A-4CFC-8644-6F4D1DC09643}.Release|x64.Build.0 = Release|x64
		{6932BB3E-D39A-4CFC-8644-6F4D1DC09643}.Release|x86.ActiveCfg = Release|Win32
		{6932BB3E-D39A-4CFC-8644-6F4D1DC09643}.Release|x86.Build.0 = Release|Win32
		{E37FAF7A-981F-4EF9-A484-3C0F0B37A3A2}.Debug|x64.ActiveCfg = Debug|x64
		{E37FAF7A-981F-4EF9-A484-3C0F0B37A3A2}.Debug|x64.Build.0 = Debug|x64
		{E37FAF7A-981F-4EF9-A484-3C0F0B37A3A2}.Debug|x86.ActiveCfg = Debug|Win32
		{E37FAF7A-981F-4EF9-A484-3C0F0B37A3A2}.Debug|x86.Build.0 = Debug|Win32
		{E37FAF7A-981F-4EF9-A484-3C0F0B37A3A2}.Release|x64.ActiveCfg = Release|x64
		{E37FAF7A-981F-4EF9-A484-3C0F0B37A3A2}.Release|x64.Build.0 = Release|x64
		{E37FAF7A-981F-4EF9-A484-3C0F0B37A3A2}.Release|x86.ActiveCfg = Release|Win32
		{E37FAF7A-981F-4EF9-A484-3C0F0B37A3A2}.Release|x86.Build.0 = Release|Win32
		{26807C0B-9CC9-4454-85D2-12F6B62CB711}.Debug|x64.ActiveCfg = Debug|x64
		{26807C0B-9CC9-4454-85D2-12F6B62CB711}.Debug|x64.Build.0 = Debug|x64
		{26807C0B-9CC9-4454-85D2-12F6B62CB711}.Debug|x86.ActiveCfg = Debug|Win32
		{26807C0B-9CC9-4454-85D2-12F6B62CB711}.Debug|x86.Build.0 = Debug|Win32
		{26807C0B-9CC9-4454-85D2-12F6B62CB711}.Release|x64.ActiveCfg = Release|x64
		{26807C0B-9CC9-4454-85D2-12F6B62CB711}.Release|x64.Build.0 = Release|x64
		{26807C0B-9CC9-4454-85D2-12F6B62CB711}.Release|x86.ActiveCfg = Release|Win32
		{26807C0B-9CC9-4454-85D2-12F6B62CB711}.Release|x86.Build.0 = Release|Win32
		{23FAB62A-E0F8-4D80-9373-9DE7E1BE64B6}.Debug|x64.ActiveCfg = Debug|x64
		{23FAB62A-E0F8-4D80-9373-9DE7E1BE64B6}.Debug|x64.Build.0 = Debug|x64
		{23FAB62A-E0F8-4D80-9373-9DE7E1BE64B6}.Debug|x86.ActiveCfg = Debug|Win32
		{23FAB62A-E0F8-4D80-9373-9DE7E1BE64B6}.Debug|x86.Build.0 = Debug|Win32
		{23FAB62A-E0F8-4D80-9373-9DE7E1BE64B6}.Release|x64.ActiveCfg = Release|x64
		{23FAB62A-E0F8-4D80-9373-9DE7E1BE64B6}.Release|x64.Build.0 = Release|x64
		{23FAB62A-E0F8-4D80-9373-9DE7E1BE64B6}.Release|x86.ActiveCfg = Release|Win32
		{23FAB62A-E0F8-4D80-9373-9DE7E1BE64B6}.Release|x86.Build.0 = Release|Win32
		{0762678D-2B43-48FE-9673-6A8EDBB1665E}.Debug|x64.ActiveCfg = Debug|x64
		{0762678D-2B43-48FE-9673-6A8EDBB1665E}.Debug|x64.Build.0 = Debug|x64
		{0762678D-2B43-48FE-9673-6A8EDBB1665E}.Debug|x86.ActiveCfg = Debug|Win32
		{0762678D-2B43-48FE-9673-6A8EDBB1665E}.Debug|x86.Build.0 = Debug|Win32
		{0762678D-2B43-48FE-9673-6A8EDBB1665E}.Release|x64.ActiveCfg = Release|x64
		{0762678D-2B43-48FE-9673-6A8EDBB1665E}.Release|x64.Build.0 = Release|x64
		{0762678D-2B43-48FE-9673-6A8EDBB1665E}.Release|x86.ActiveCfg = Release|Win32
		{0762678D-2B43-48FE-9673-6A8EDBB1665E}.Release|x86.Build.0 = Release|Win32
		{879E755D-18C5-4671-B64F-8902C280A436}.Debug|x64.ActiveCfg = Debug|x64
		{879E755D-18C5-4671-B64F-8902C280A436}.Debug|x64.Build.0 = Debug|x64
		{879E755D-18C5-4671-B64F-8902C280A436}.Debug|x86.ActiveCfg = Debug|Win32
		{879E755D-18C5-4671-B64F-8902C280A436}.Debug|x86.Build.0 = Debug|Win32
		{879E755D-18C5-4671-B64F-8902C280A436}.Release|x64.ActiveCfg = Release|x64
		{879E755D-18C5-4671-B64F-8902C280A436}.Release|x64.Build.0 = Release|x64
		{879E755D-18C5-4671-B64F-8902C280A436}.Release|x86.ActiveCfg = Release|Win32
		{879E755D-18C5-4671-B64F-8902C280A436}.Release|x86.Build.0 = Release|Win32
		{B9B63134-AEA0-439A-8716-441C3A3A2013}.Debug|x64.ActiveCfg = Debug|x64
		{B9B63134-AEA0-439A-8716-441C3A3A2013}.Debug|x64.Build.0 = Debug|x64
		{B9B63134-AEA0-439A-8716-441C3A3A2013}.Debug|x86.ActiveCfg = Debug|Win32
		{B9B63134-AEA0-439A-8716-441C3A3A2013}.Debug|x86.Build.0 = Debug|Win32
		{B9B63134-AEA0-439A-8716-441C3A3A2013}.Release|x64.ActiveCfg = Release|x64
		{B9B63134-AEA0-439A-8716-441C3A3A2013}.Release|x64.Build.0 = Release|x64
		{B9B63134-AEA0-439A-8716-441C3A3A2013}.Release|x86.ActiveCfg = Release|Win32
		{B9B63134-AEA0-439A-8716-441C3A3A2013}.Release|x86.Build.0 = Release|Win32
		{1C3EC7CC-5308-499E-AE6B-A010E2E1524F}.Debug|x64.ActiveCfg = Debug|x64
		{1C3EC7CC-5308-499E-AE6B-A010E2E1524F}.Debug|x64.Build.0 = Debug|x64
		{1C3EC7CC-5308-499E-AE6B-A010E2E1524F}.Debug|x86.ActiveCfg = Debug|Win32
		{1C3EC7CC-5308-499E-AE6B-A010E2E1524F}.Debug|x86.Build.0 = Debug|Win32
		{1C3EC7CC-5308-499E-AE6B-A010E2E1524F}.Release|x64.ActiveCfg = Release|x64
		{1C3EC7CC-5308-499E-AE6B-A010E2E1524F}.Release|x64.Build.0 = Release|x64
		{1C3EC7CC-5308-499E-AE6B-A010E2E1524F}.Release|x86.ActiveCfg = Release|Win32
		{1C3EC7CC-5308-499E-AE6B-A010E2E1524F}.Release|x86.Build.0 = Release|Win32
		{01D33F0E-4B10-4E97-B215-BF9A79FDEAE0}.Debug|x64.ActiveCfg = Debug|x64
		{01D33F0E-4B10-4E97-B215-BF9A79FDEAE0}.Debug|x64.Build.0 = Debug|x64
		{01D33F0E-4B10-4E97-B215-BF9A79FDEAE0}.Debug|x86.ActiveCfg = Debug|Win32
		{01D33F0E-4B10-4E97-B215-BF9A79FDEAE0}.Debug|x86.Build.0 = Debug|Win32
		{01D33F0E-4B10-4E97-B215-BF9A79FDEAE0}.Release|x64.ActiveCfg = Release|x64
		{01D33F0E-4B10-4E97-B215-BF9A79FDEAE0}.Release|x64.Build.0 = Release|x64
		{01D33F0E-4B10-4E97-B215-BF9A79FDEAE0}.Release|x86.ActiveCfg = Release|Win32
		{01D33F0E-4B10-4E97-B215-BF9A79FDEAE0}.Release|x86.Build.0 = Release|Win32
		{7689933A-0E5E-4EFC-A4B9-A55F995629FF}.Debug|x64.ActiveCfg = Debug|x64
		{7689933A-0E5E-4EFC-A4B9-A55F995629FF}.Debug|x64.Build.0 = Debug|x64
		{7689933A-0E5E-4EFC-A4B9-A55F995629FF}.Debug|x86.ActiveCfg = Debug|Win32
		{7689933A-0E5E-4EFC-A4B9-A55F995629FF}.Debug|x86.Build.0 = Debug|Win32
		{7689933A-0E5E-4EFC-A4B9-A55F995629FF}.Release|x64.ActiveCfg = Release|x64
		{7689933A-0E5E-4EFC-A4B9-A55F995629FF}.Release|x64.Build.0 = Release|x64
		{7689933A-0E5E-4EFC-A4B9-A55F995629FF}.Release|x86.ActiveCfg = Release|Win32
		{7689933A-0E5E-4EFC-A4B9-A55F995629FF}.Release|x86.Build.0 = Release|Win32
		{669F2456-1576-4DD4-AE19-8FF2CC58DA28}.Debug|x64.ActiveCfg = Debug|x64
		{669F2456-1576-4DD4-AE19-8FF2CC58DA28}.Debug|x64.Build.0 = Debug|x64
		{669F2456-1576-4DD4-AE19-8FF2CC58DA28}.Debug|x86.ActiveCfg = Debug|Win32
		{669F2456-1576-4DD4-AE19-8FF2CC58DA28}.Debug|x86.Build.0 = Debug|Win32
		{669F2456-1576-4DD4-AE19-8FF2CC58DA28}.Release|x64.ActiveCfg = Release|x64
		{669F2456-1576-4DD4-AE19-8FF2CC58DA28}.Release|x64.Build.0 = Release|x64
		{669F2456-1576-4DD4-AE19-8FF2CC58DA28}.Release|x86.ActiveCfg = Release|Win32
		{669F2456-1576-4DD4-AE19-8FF2CC58DA28}.Release|x86.Build.0 = Release|Win32
		{5AFEC1A3-4938-4FE4-973A-BC6CF04B3631}.Debug|x64.ActiveCfg = Debug|x64
		{5AFEC1A3-4938-4FE4-973A-BC6CF04B3631}.Debug|x64.Build.0 = Debug|x64
		{5AFEC1A3-4938-4FE4-973A-BC6CF04B3631}.Debug|x86.ActiveCfg = Debug|Win32
		{5AFEC1A3-4938-4FE4-973A-BC6CF04B3631}.Debug|x86.Build.0 = Debug|Win32
		{5AFEC1A3-4938-4FE4-973A-BC6CF04B3631}.Release|x64.ActiveCfg = Release|x64
		{5AFEC1A3-4938-4FE4-973A-BC6CF04B3631}.Release|x64.Build.0 = Release|x64
		{5AFEC1A3-4938-4FE4-973A-BC6CF04B3631}.Release|x86.ActiveCfg = Release|Win32
		{5AFEC1A3-4938-4FE4-973A-BC6CF04B3631}.Release|x86.Build.0 = Release|Win32
		{A099B00D-BAD0-4C37-87FB-A5E522B71B56}.Debug|x64.ActiveCfg = Debug|x64
		{A099B00D-BAD0-4C37-87FB-A5E522B71B56}.Debug|x64.Build.0 = Debug|x64
		{A099B00D-BAD0-4C37-87FB-A5E522B71B56}.Debug|x86.ActiveCfg = Debug|Win32
		{A099B00D-BAD0-4C37-87FB-A5E522B71B56}.Debug|x86.Build.0 = Debug|Win32
		{A099B00D-BAD0-4C37-87FB-A5E522B71B56}.Release|x64.ActiveCfg = Release|x64
		{A099B00D-BAD0-4C37-87FB-A5E522B71B56}.Release|x64.Build.0 = Release|x64
		{A099B00D-BAD0-4C37-87FB-A5E522B71B56}.Release|x86.ActiveCfg = Release|Win32
		{A099B00D-BAD0-4C37-87FB-A5E522B71B56}.Release|x86.Build.0 = Release|Win32
		{2D5F9FAC-6C6D-44F1-8264-F2F284F43FE1}.Debug|x64.ActiveCfg = Debug|x64
		{2D5F9FAC-6C6D-44F1-8264-F2F284F43FE1}.Debug|x64.Build.0 = Debug|x64
		{2D5F9FAC-6C6D-44F1-8264-F2F284F43FE1}.Debug|x86.ActiveCfg = Debug|Win32
		{2D5F9FAC-6C6D-44F1-8264-F2F284F43FE1}.Debug|x86.Build.0 = Debug|Win32
		{2D5F9FAC-6C6D-44F1-8264-F2F284F43FE1}.Release|x64.ActiveCfg = Release|x64
		{2D5F9FAC-6C6D-44F1-8264-F2F284F43FE1}.Release|x64.Build.0 = Release|x64
		{2D5F9FAC-6C6D-44F1-8264-F2F284F43FE1}.Release|x86.ActiveCfg = Release|Win32
		{2D5F9FAC-6C6D-44F1-8264-F2F284F43FE1}.Release|x86.Build.0 = Release|Win32
		{719A824C-2F4C-4321-B339-AE7A1F384269}.Debug|x64.ActiveCfg = Debug|x64
		{719A824C-2F4C-4321-B339-AE7A1F384269}.Debug|x64.Build.0 = Debug|x64
		{719A824C-2F4C-4321-B339-AE7A1F384269}.Debug|x86.ActiveCfg = Debug|Win32
		{719A824C-2F4C-4321-B339-AE7A1F384269}.Debug|x86.Build.0 = Debug|Win32
		{719A824C-2F4C-4321-B339-AE7A1F384269}.Release|x64.ActiveCfg = Release|x64
		{719A824C-2F4C-4321-B339-AE7A1F384269}.Release|x64.Build.0 = Release|x64
		{719A824C-2F4C-4321-B339-AE7A1F384269}.Release|x86.ActiveCfg = Release|Win32
		{719A824C-2F4C-4321-B339-AE7A1F384269}.Release|x86.Build.0 = Release|Win32
	EndGlobalSection
	GlobalSection(SolutionProperties) = preSolution
		HideSolutionNode = FALSE
	EndGlobalSection
EndGlobal
