
Microsoft Visual Studio Solution File, Format Version 12.00
# Visual Studio 14
VisualStudioVersion = 14.0.25420.1
MinimumVisualStudioVersion = 10.0.40219.1
Project("{8BC9CEB8-8B4A-11D0-8D11-00A0C91BC942}") = "7_整数翻转", "7_整数翻转\7_整数翻转.vcxproj", "{EC346924-8B19-4D27-B481-672B56E8CC11}"
EndProject
Project("{8BC9CEB8-8B4A-11D0-8D11-00A0C91BC942}") = "9_判断回文数", "9_判断回文数\9_判断回文数.vcxproj", "{328A2D4B-F79C-4376-AFF5-5F3DCBB1AFB2}"
EndProject
Project("{8BC9CEB8-8B4A-11D0-8D11-00A0C91BC942}") = "67_二进制加法", "67_二进制加法\67_二进制加法.vcxproj", "{BA978EBD-1B66-4663-9304-97B3245F9CD1}"
EndProject
Project("{8BC9CEB8-8B4A-11D0-8D11-00A0C91BC942}") = "338_比特统计", "338_比特统计\338_比特统计.vcxproj", "{3B19CBD5-0568-4C0C-A12B-40210CEC29E3}"
EndProject
Project("{8BC9CEB8-8B4A-11D0-8D11-00A0C91BC942}") = "204_素数筛", "204_素数筛\204_素数筛.vcxproj", "{7566E2EA-B053-4F08-B45B-798C995BBFC8}"
EndProject
Project("{8BC9CEB8-8B4A-11D0-8D11-00A0C91BC942}") = "20_括号匹配", "20_括号匹配\20_括号匹配.vcxproj", "{F2FCD88E-5BCB-4251-A5CF-B5FF0B4D2845}"
EndProject
Project("{8BC9CEB8-8B4A-11D0-8D11-00A0C91BC942}") = "101_对称树", "101_对称树\101_对称树.vcxproj", "{20A2B844-9198-4B57-AA8E-16E9E5541B3F}"
EndProject
Project("{8BC9CEB8-8B4A-11D0-8D11-00A0C91BC942}") = "100_相同二叉树", "100_相同二叉树\100_相同二叉树.vcxproj", "{8705ADB1-0FD4-4D65-BEB0-6B21C5A6119B}"
EndProject
Project("{8BC9CEB8-8B4A-11D0-8D11-00A0C91BC942}") = "107_层序遍历", "107_层序遍历\107_层序遍历.vcxproj", "{37ECF0FB-8287-417D-9BE0-752124DED446}"
EndProject
Project("{8BC9CEB8-8B4A-11D0-8D11-00A0C91BC942}") = "297_序列化和反序列化二叉树树", "297_序列化和反序列化二叉树树\297_序列化和反序列化二叉树树.vcxproj", "{D7AB5C22-4172-440A-9EA0-C321137F5687}"
EndProject
Project("{8BC9CEB8-8B4A-11D0-8D11-00A0C91BC942}") = "136_孤独数1", "136_孤独数1\136_孤独数1.vcxproj", "{FB97AA91-29CC-40F9-9E12-9B0B36D0E81A}"
EndProject
Project("{8BC9CEB8-8B4A-11D0-8D11-00A0C91BC942}") = "389_不同的字符", "389_不同的字符\389_不同的字符.vcxproj", "{0166D37F-6BA2-49A8-BD2E-AFC9C5D8A899}"
EndProject
Project("{8BC9CEB8-8B4A-11D0-8D11-00A0C91BC942}") = "260_孤独数3", "260_孤独数3\260_孤独数3.vcxproj", "{941F1F94-781B-4290-AE38-3A06254B1448}"
EndProject
Project("{8BC9CEB8-8B4A-11D0-8D11-00A0C91BC942}") = "371_模拟加法", "371_模拟加法\371_模拟加法.vcxproj", "{7083F07E-313A-4C82-B513-9F56E17BFF89}"
EndProject
Project("{8BC9CEB8-8B4A-11D0-8D11-00A0C91BC942}") = "191_比特统计", "191_比特统计\191_比特统计.vcxproj", "{718DE58F-3559-4EE6-A33C-DCD24B8012C0}"
EndProject
Project("{8BC9CEB8-8B4A-11D0-8D11-00A0C91BC942}") = "190_比特翻转", "190_比特翻转\190_比特翻转.vcxproj", "{0E251864-49D9-41D5-8274-CCA7B785987B}"
EndProject
Project("{8BC9CEB8-8B4A-11D0-8D11-00A0C91BC942}") = "1_求和", "1_求和\1_求和.vcxproj", "{1FEE8D94-F63F-4E00-8335-0975EF48E131}"
EndProject
Project("{8BC9CEB8-8B4A-11D0-8D11-00A0C91BC942}") = "231_二的幂次数", "231_二的幂次数\231_二的幂次数.vcxproj", "{28C0877B-0FC8-4577-BB94-A154A3F00035}"
EndProject
Project("{8BC9CEB8-8B4A-11D0-8D11-00A0C91BC942}") = "342_四的幂次数", "342_四的幂次数\342_四的幂次数.vcxproj", "{2078AFD2-DC5B-4741-839B-AC71924307B6}"
EndProject
Project("{8BC9CEB8-8B4A-11D0-8D11-00A0C91BC942}") = "21_链表合并", "21_链表合并\21_链表合并.vcxproj", "{C1BADF53-186D-414E-B9D3-CC1AFACA4338}"
EndProject
Project("{8BC9CEB8-8B4A-11D0-8D11-00A0C91BC942}") = "88_合并数组", "88_合并数组\88_合并数组.vcxproj", "{6685EE0A-26ED-43B7-A387-C6D0BCB88E56}"
EndProject
Project("{8BC9CEB8-8B4A-11D0-8D11-00A0C91BC942}") = "278_错误版本", "278_错误版本\278_错误版本.vcxproj", "{D44C093E-B726-423B-8D29-6EEB2EA4FE51}"
EndProject
Project("{8BC9CEB8-8B4A-11D0-8D11-00A0C91BC942}") = "13_罗马数字", "3_罗马数字\3_罗马数字.vcxproj", "{F2652B48-EDEC-4AF4-A65F-0DF319C74337}"
EndProject
Project("{8BC9CEB8-8B4A-11D0-8D11-00A0C91BC942}") = "36_数独验证", "36_数独验证\36_数独验证.vcxproj", "{0E52C54D-CDB1-4886-8723-3A274B2D8B24}"
EndProject
Project("{8BC9CEB8-8B4A-11D0-8D11-00A0C91BC942}") = "6_锯齿变换", "6_锯齿变换\6_锯齿变换.vcxproj", "{7B46B273-7C65-4008-880B-AFA436B077FE}"
EndProject
Project("{8BC9CEB8-8B4A-11D0-8D11-00A0C91BC942}") = "378_矩阵第K小", "378_矩阵第K小\378_矩阵第K小.vcxproj", "{E0DBDB06-A9A6-4846-B130-4A82BB256E10}"
EndProject
Project("{8BC9CEB8-8B4A-11D0-8D11-00A0C91BC942}") = "！！！归并排序！！！", "！！！归并排序！！！\！！！归并排序！！！.vcxproj", "{5F5D74A2-AF6A-4B7B-A314-6E71AE069833}"
EndProject
Project("{8BC9CEB8-8B4A-11D0-8D11-00A0C91BC942}") = "！！！快速排序！！！", "！！！快速排序！！！\！！！快速排序！！！.vcxproj", "{C7D2CFDC-853A-47CA-B27D-526ABAA21494}"
EndProject
Project("{8BC9CEB8-8B4A-11D0-8D11-00A0C91BC942}") = "N枚数剩M个", "N枚数剩M个\N枚数剩M个.vcxproj", "{960F6F5B-7F05-43C0-8AC1-5FCEFE25E2A6}"
EndProject
Project("{8BC9CEB8-8B4A-11D0-8D11-00A0C91BC942}") = "217_包含重复", "217_包含重复\217_包含重复.vcxproj", "{51765890-A247-4207-8E17-C15C8E951EEC}"
EndProject
Project("{8BC9CEB8-8B4A-11D0-8D11-00A0C91BC942}") = "动态规划—最短有序数列", "动态规划—最短有序数列\动态规划—最短有序数列.vcxproj", "{4EFB24CA-8894-4F49-8CAA-6AB70B65E7EF}"
EndProject
Project("{8BC9CEB8-8B4A-11D0-8D11-00A0C91BC942}") = "7_atoi", "7_atoi\7_atoi.vcxproj", "{1BAF19EA-668D-4A93-9E12-41F7D06F2D52}"
EndProject
Global
	GlobalSection(SolutionConfigurationPlatforms) = preSolution
		Debug|x64 = Debug|x64
		Debug|x86 = Debug|x86
		Release|x64 = Release|x64
		Release|x86 = Release|x86
	EndGlobalSection
	GlobalSection(ProjectConfigurationPlatforms) = postSolution
		{EC346924-8B19-4D27-B481-672B56E8CC11}.Debug|x64.ActiveCfg = Debug|x64
		{EC346924-8B19-4D27-B481-672B56E8CC11}.Debug|x64.Build.0 = Debug|x64
		{EC346924-8B19-4D27-B481-672B56E8CC11}.Debug|x86.ActiveCfg = Debug|Win32
		{EC346924-8B19-4D27-B481-672B56E8CC11}.Debug|x86.Build.0 = Debug|Win32
		{EC346924-8B19-4D27-B481-672B56E8CC11}.Release|x64.ActiveCfg = Release|x64
		{EC346924-8B19-4D27-B481-672B56E8CC11}.Release|x64.Build.0 = Release|x64
		{EC346924-8B19-4D27-B481-672B56E8CC11}.Release|x86.ActiveCfg = Release|Win32
		{EC346924-8B19-4D27-B481-672B56E8CC11}.Release|x86.Build.0 = Release|Win32
		{328A2D4B-F79C-4376-AFF5-5F3DCBB1AFB2}.Debug|x64.ActiveCfg = Debug|x64
		{328A2D4B-F79C-4376-AFF5-5F3DCBB1AFB2}.Debug|x64.Build.0 = Debug|x64
		{328A2D4B-F79C-4376-AFF5-5F3DCBB1AFB2}.Debug|x86.ActiveCfg = Debug|Win32
		{328A2D4B-F79C-4376-AFF5-5F3DCBB1AFB2}.Debug|x86.Build.0 = Debug|Win32
		{328A2D4B-F79C-4376-AFF5-5F3DCBB1AFB2}.Release|x64.ActiveCfg = Release|x64
		{328A2D4B-F79C-4376-AFF5-5F3DCBB1AFB2}.Release|x64.Build.0 = Release|x64
		{328A2D4B-F79C-4376-AFF5-5F3DCBB1AFB2}.Release|x86.ActiveCfg = Release|Win32
		{328A2D4B-F79C-4376-AFF5-5F3DCBB1AFB2}.Release|x86.Build.0 = Release|Win32
		{BA978EBD-1B66-4663-9304-97B3245F9CD1}.Debug|x64.ActiveCfg = Debug|x64
		{BA978EBD-1B66-4663-9304-97B3245F9CD1}.Debug|x64.Build.0 = Debug|x64
		{BA978EBD-1B66-4663-9304-97B3245F9CD1}.Debug|x86.ActiveCfg = Debug|Win32
		{BA978EBD-1B66-4663-9304-97B3245F9CD1}.Debug|x86.Build.0 = Debug|Win32
		{BA978EBD-1B66-4663-9304-97B3245F9CD1}.Release|x64.ActiveCfg = Release|x64
		{BA978EBD-1B66-4663-9304-97B3245F9CD1}.Release|x64.Build.0 = Release|x64
		{BA978EBD-1B66-4663-9304-97B3245F9CD1}.Release|x86.ActiveCfg = Release|Win32
		{BA978EBD-1B66-4663-9304-97B3245F9CD1}.Release|x86.Build.0 = Release|Win32
		{3B19CBD5-0568-4C0C-A12B-40210CEC29E3}.Debug|x64.ActiveCfg = Debug|x64
		{3B19CBD5-0568-4C0C-A12B-40210CEC29E3}.Debug|x64.Build.0 = Debug|x64
		{3B19CBD5-0568-4C0C-A12B-40210CEC29E3}.Debug|x86.ActiveCfg = Debug|Win32
		{3B19CBD5-0568-4C0C-A12B-40210CEC29E3}.Debug|x86.Build.0 = Debug|Win32
		{3B19CBD5-0568-4C0C-A12B-40210CEC29E3}.Release|x64.ActiveCfg = Release|x64
		{3B19CBD5-0568-4C0C-A12B-40210CEC29E3}.Release|x64.Build.0 = Release|x64
		{3B19CBD5-0568-4C0C-A12B-40210CEC29E3}.Release|x86.ActiveCfg = Release|Win32
		{3B19CBD5-0568-4C0C-A12B-40210CEC29E3}.Release|x86.Build.0 = Release|Win32
		{7566E2EA-B053-4F08-B45B-798C995BBFC8}.Debug|x64.ActiveCfg = Debug|x64
		{7566E2EA-B053-4F08-B45B-798C995BBFC8}.Debug|x64.Build.0 = Debug|x64
		{7566E2EA-B053-4F08-B45B-798C995BBFC8}.Debug|x86.ActiveCfg = Debug|Win32
		{7566E2EA-B053-4F08-B45B-798C995BBFC8}.Debug|x86.Build.0 = Debug|Win32
		{7566E2EA-B053-4F08-B45B-798C995BBFC8}.Release|x64.ActiveCfg = Release|x64
		{7566E2EA-B053-4F08-B45B-798C995BBFC8}.Release|x64.Build.0 = Release|x64
		{7566E2EA-B053-4F08-B45B-798C995BBFC8}.Release|x86.ActiveCfg = Release|Win32
		{7566E2EA-B053-4F08-B45B-798C995BBFC8}.Release|x86.Build.0 = Release|Win32
		{F2FCD88E-5BCB-4251-A5CF-B5FF0B4D2845}.Debug|x64.ActiveCfg = Debug|x64
		{F2FCD88E-5BCB-4251-A5CF-B5FF0B4D2845}.Debug|x64.Build.0 = Debug|x64
		{F2FCD88E-5BCB-4251-A5CF-B5FF0B4D2845}.Debug|x86.ActiveCfg = Debug|Win32
		{F2FCD88E-5BCB-4251-A5CF-B5FF0B4D2845}.Debug|x86.Build.0 = Debug|Win32
		{F2FCD88E-5BCB-4251-A5CF-B5FF0B4D2845}.Release|x64.ActiveCfg = Release|x64
		{F2FCD88E-5BCB-4251-A5CF-B5FF0B4D2845}.Release|x64.Build.0 = Release|x64
		{F2FCD88E-5BCB-4251-A5CF-B5FF0B4D2845}.Release|x86.ActiveCfg = Release|Win32
		{F2FCD88E-5BCB-4251-A5CF-B5FF0B4D2845}.Release|x86.Build.0 = Release|Win32
		{20A2B844-9198-4B57-AA8E-16E9E5541B3F}.Debug|x64.ActiveCfg = Debug|x64
		{20A2B844-9198-4B57-AA8E-16E9E5541B3F}.Debug|x64.Build.0 = Debug|x64
		{20A2B844-9198-4B57-AA8E-16E9E5541B3F}.Debug|x86.ActiveCfg = Debug|Win32
		{20A2B844-9198-4B57-AA8E-16E9E5541B3F}.Debug|x86.Build.0 = Debug|Win32
		{20A2B844-9198-4B57-AA8E-16E9E5541B3F}.Release|x64.ActiveCfg = Release|x64
		{20A2B844-9198-4B57-AA8E-16E9E5541B3F}.Release|x64.Build.0 = Release|x64
		{20A2B844-9198-4B57-AA8E-16E9E5541B3F}.Release|x86.ActiveCfg = Release|Win32
		{20A2B844-9198-4B57-AA8E-16E9E5541B3F}.Release|x86.Build.0 = Release|Win32
		{8705ADB1-0FD4-4D65-BEB0-6B21C5A6119B}.Debug|x64.ActiveCfg = Debug|x64
		{8705ADB1-0FD4-4D65-BEB0-6B21C5A6119B}.Debug|x64.Build.0 = Debug|x64
		{8705ADB1-0FD4-4D65-BEB0-6B21C5A6119B}.Debug|x86.ActiveCfg = Debug|Win32
		{8705ADB1-0FD4-4D65-BEB0-6B21C5A6119B}.Debug|x86.Build.0 = Debug|Win32
		{8705ADB1-0FD4-4D65-BEB0-6B21C5A6119B}.Release|x64.ActiveCfg = Release|x64
		{8705ADB1-0FD4-4D65-BEB0-6B21C5A6119B}.Release|x64.Build.0 = Release|x64
		{8705ADB1-0FD4-4D65-BEB0-6B21C5A6119B}.Release|x86.ActiveCfg = Release|Win32
		{8705ADB1-0FD4-4D65-BEB0-6B21C5A6119B}.Release|x86.Build.0 = Release|Win32
		{37ECF0FB-8287-417D-9BE0-752124DED446}.Debug|x64.ActiveCfg = Debug|x64
		{37ECF0FB-8287-417D-9BE0-752124DED446}.Debug|x64.Build.0 = Debug|x64
		{37ECF0FB-8287-417D-9BE0-752124DED446}.Debug|x86.ActiveCfg = Debug|Win32
		{37ECF0FB-8287-417D-9BE0-752124DED446}.Debug|x86.Build.0 = Debug|Win32
		{37ECF0FB-8287-417D-9BE0-752124DED446}.Release|x64.ActiveCfg = Release|x64
		{37ECF0FB-8287-417D-9BE0-752124DED446}.Release|x64.Build.0 = Release|x64
		{37ECF0FB-8287-417D-9BE0-752124DED446}.Release|x86.ActiveCfg = Release|Win32
		{37ECF0FB-8287-417D-9BE0-752124DED446}.Release|x86.Build.0 = Release|Win32
		{D7AB5C22-4172-440A-9EA0-C321137F5687}.Debug|x64.ActiveCfg = Debug|x64
		{D7AB5C22-4172-440A-9EA0-C321137F5687}.Debug|x64.Build.0 = Debug|x64
		{D7AB5C22-4172-440A-9EA0-C321137F5687}.Debug|x86.ActiveCfg = Debug|Win32
		{D7AB5C22-4172-440A-9EA0-C321137F5687}.Debug|x86.Build.0 = Debug|Win32
		{D7AB5C22-4172-440A-9EA0-C321137F5687}.Release|x64.ActiveCfg = Release|x64
		{D7AB5C22-4172-440A-9EA0-C321137F5687}.Release|x64.Build.0 = Release|x64
		{D7AB5C22-4172-440A-9EA0-C321137F5687}.Release|x86.ActiveCfg = Release|Win32
		{D7AB5C22-4172-440A-9EA0-C321137F5687}.Release|x86.Build.0 = Release|Win32
		{FB97AA91-29CC-40F9-9E12-9B0B36D0E81A}.Debug|x64.ActiveCfg = Debug|x64
		{FB97AA91-29CC-40F9-9E12-9B0B36D0E81A}.Debug|x64.Build.0 = Debug|x64
		{FB97AA91-29CC-40F9-9E12-9B0B36D0E81A}.Debug|x86.ActiveCfg = Debug|Win32
		{FB97AA91-29CC-40F9-9E12-9B0B36D0E81A}.Debug|x86.Build.0 = Debug|Win32
		{FB97AA91-29CC-40F9-9E12-9B0B36D0E81A}.Release|x64.ActiveCfg = Release|x64
		{FB97AA91-29CC-40F9-9E12-9B0B36D0E81A}.Release|x64.Build.0 = Release|x64
		{FB97AA91-29CC-40F9-9E12-9B0B36D0E81A}.Release|x86.ActiveCfg = Release|Win32
		{FB97AA91-29CC-40F9-9E12-9B0B36D0E81A}.Release|x86.Build.0 = Release|Win32
		{0166D37F-6BA2-49A8-BD2E-AFC9C5D8A899}.Debug|x64.ActiveCfg = Debug|x64
		{0166D37F-6BA2-49A8-BD2E-AFC9C5D8A899}.Debug|x64.Build.0 = Debug|x64
		{0166D37F-6BA2-49A8-BD2E-AFC9C5D8A899}.Debug|x86.ActiveCfg = Debug|Win32
		{0166D37F-6BA2-49A8-BD2E-AFC9C5D8A899}.Debug|x86.Build.0 = Debug|Win32
		{0166D37F-6BA2-49A8-BD2E-AFC9C5D8A899}.Release|x64.ActiveCfg = Release|x64
		{0166D37F-6BA2-49A8-BD2E-AFC9C5D8A899}.Release|x64.Build.0 = Release|x64
		{0166D37F-6BA2-49A8-BD2E-AFC9C5D8A899}.Release|x86.ActiveCfg = Release|Win32
		{0166D37F-6BA2-49A8-BD2E-AFC9C5D8A899}.Release|x86.Build.0 = Release|Win32
		{941F1F94-781B-4290-AE38-3A06254B1448}.Debug|x64.ActiveCfg = Debug|x64
		{941F1F94-781B-4290-AE38-3A06254B1448}.Debug|x64.Build.0 = Debug|x64
		{941F1F94-781B-4290-AE38-3A06254B1448}.Debug|x86.ActiveCfg = Debug|Win32
		{941F1F94-781B-4290-AE38-3A06254B1448}.Debug|x86.Build.0 = Debug|Win32
		{941F1F94-781B-4290-AE38-3A06254B1448}.Release|x64.ActiveCfg = Release|x64
		{941F1F94-781B-4290-AE38-3A06254B1448}.Release|x64.Build.0 = Release|x64
		{941F1F94-781B-4290-AE38-3A06254B1448}.Release|x86.ActiveCfg = Release|Win32
		{941F1F94-781B-4290-AE38-3A06254B1448}.Release|x86.Build.0 = Release|Win32
		{7083F07E-313A-4C82-B513-9F56E17BFF89}.Debug|x64.ActiveCfg = Debug|x64
		{7083F07E-313A-4C82-B513-9F56E17BFF89}.Debug|x64.Build.0 = Debug|x64
		{7083F07E-313A-4C82-B513-9F56E17BFF89}.Debug|x86.ActiveCfg = Debug|Win32
		{7083F07E-313A-4C82-B513-9F56E17BFF89}.Debug|x86.Build.0 = Debug|Win32
		{7083F07E-313A-4C82-B513-9F56E17BFF89}.Release|x64.ActiveCfg = Release|x64
		{7083F07E-313A-4C82-B513-9F56E17BFF89}.Release|x64.Build.0 = Release|x64
		{7083F07E-313A-4C82-B513-9F56E17BFF89}.Release|x86.ActiveCfg = Release|Win32
		{7083F07E-313A-4C82-B513-9F56E17BFF89}.Release|x86.Build.0 = Release|Win32
		{718DE58F-3559-4EE6-A33C-DCD24B8012C0}.Debug|x64.ActiveCfg = Debug|x64
		{718DE58F-3559-4EE6-A33C-DCD24B8012C0}.Debug|x64.Build.0 = Debug|x64
		{718DE58F-3559-4EE6-A33C-DCD24B8012C0}.Debug|x86.ActiveCfg = Debug|Win32
		{718DE58F-3559-4EE6-A33C-DCD24B8012C0}.Debug|x86.Build.0 = Debug|Win32
		{718DE58F-3559-4EE6-A33C-DCD24B8012C0}.Release|x64.ActiveCfg = Release|x64
		{718DE58F-3559-4EE6-A33C-DCD24B8012C0}.Release|x64.Build.0 = Release|x64
		{718DE58F-3559-4EE6-A33C-DCD24B8012C0}.Release|x86.ActiveCfg = Release|Win32
		{718DE58F-3559-4EE6-A33C-DCD24B8012C0}.Release|x86.Build.0 = Release|Win32
		{0E251864-49D9-41D5-8274-CCA7B785987B}.Debug|x64.ActiveCfg = Debug|x64
		{0E251864-49D9-41D5-8274-CCA7B785987B}.Debug|x64.Build.0 = Debug|x64
		{0E251864-49D9-41D5-8274-CCA7B785987B}.Debug|x86.ActiveCfg = Debug|Win32
		{0E251864-49D9-41D5-8274-CCA7B785987B}.Debug|x86.Build.0 = Debug|Win32
		{0E251864-49D9-41D5-8274-CCA7B785987B}.Release|x64.ActiveCfg = Release|x64
		{0E251864-49D9-41D5-8274-CCA7B785987B}.Release|x64.Build.0 = Release|x64
		{0E251864-49D9-41D5-8274-CCA7B785987B}.Release|x86.ActiveCfg = Release|Win32
		{0E251864-49D9-41D5-8274-CCA7B785987B}.Release|x86.Build.0 = Release|Win32
		{1FEE8D94-F63F-4E00-8335-0975EF48E131}.Debug|x64.ActiveCfg = Debug|x64
		{1FEE8D94-F63F-4E00-8335-0975EF48E131}.Debug|x64.Build.0 = Debug|x64
		{1FEE8D94-F63F-4E00-8335-0975EF48E131}.Debug|x86.ActiveCfg = Debug|Win32
		{1FEE8D94-F63F-4E00-8335-0975EF48E131}.Debug|x86.Build.0 = Debug|Win32
		{1FEE8D94-F63F-4E00-8335-0975EF48E131}.Release|x64.ActiveCfg = Release|x64
		{1FEE8D94-F63F-4E00-8335-0975EF48E131}.Release|x64.Build.0 = Release|x64
		{1FEE8D94-F63F-4E00-8335-0975EF48E131}.Release|x86.ActiveCfg = Release|Win32
		{1FEE8D94-F63F-4E00-8335-0975EF48E131}.Release|x86.Build.0 = Release|Win32
		{28C0877B-0FC8-4577-BB94-A154A3F00035}.Debug|x64.ActiveCfg = Debug|x64
		{28C0877B-0FC8-4577-BB94-A154A3F00035}.Debug|x64.Build.0 = Debug|x64
		{28C0877B-0FC8-4577-BB94-A154A3F00035}.Debug|x86.ActiveCfg = Debug|Win32
		{28C0877B-0FC8-4577-BB94-A154A3F00035}.Debug|x86.Build.0 = Debug|Win32
		{28C0877B-0FC8-4577-BB94-A154A3F00035}.Release|x64.ActiveCfg = Release|x64
		{28C0877B-0FC8-4577-BB94-A154A3F00035}.Release|x64.Build.0 = Release|x64
		{28C0877B-0FC8-4577-BB94-A154A3F00035}.Release|x86.ActiveCfg = Release|Win32
		{28C0877B-0FC8-4577-BB94-A154A3F00035}.Release|x86.Build.0 = Release|Win32
		{2078AFD2-DC5B-4741-839B-AC71924307B6}.Debug|x64.ActiveCfg = Debug|x64
		{2078AFD2-DC5B-4741-839B-AC71924307B6}.Debug|x64.Build.0 = Debug|x64
		{2078AFD2-DC5B-4741-839B-AC71924307B6}.Debug|x86.ActiveCfg = Debug|Win32
		{2078AFD2-DC5B-4741-839B-AC71924307B6}.Debug|x86.Build.0 = Debug|Win32
		{2078AFD2-DC5B-4741-839B-AC71924307B6}.Release|x64.ActiveCfg = Release|x64
		{2078AFD2-DC5B-4741-839B-AC71924307B6}.Release|x64.Build.0 = Release|x64
		{2078AFD2-DC5B-4741-839B-AC71924307B6}.Release|x86.ActiveCfg = Release|Win32
		{2078AFD2-DC5B-4741-839B-AC71924307B6}.Release|x86.Build.0 = Release|Win32
		{C1BADF53-186D-414E-B9D3-CC1AFACA4338}.Debug|x64.ActiveCfg = Debug|x64
		{C1BADF53-186D-414E-B9D3-CC1AFACA4338}.Debug|x64.Build.0 = Debug|x64
		{C1BADF53-186D-414E-B9D3-CC1AFACA4338}.Debug|x86.ActiveCfg = Debug|Win32
		{C1BADF53-186D-414E-B9D3-CC1AFACA4338}.Debug|x86.Build.0 = Debug|Win32
		{C1BADF53-186D-414E-B9D3-CC1AFACA4338}.Release|x64.ActiveCfg = Release|x64
		{C1BADF53-186D-414E-B9D3-CC1AFACA4338}.Release|x64.Build.0 = Release|x64
		{C1BADF53-186D-414E-B9D3-CC1AFACA4338}.Release|x86.ActiveCfg = Release|Win32
		{C1BADF53-186D-414E-B9D3-CC1AFACA4338}.Release|x86.Build.0 = Release|Win32
		{6685EE0A-26ED-43B7-A387-C6D0BCB88E56}.Debug|x64.ActiveCfg = Debug|x64
		{6685EE0A-26ED-43B7-A387-C6D0BCB88E56}.Debug|x64.Build.0 = Debug|x64
		{6685EE0A-26ED-43B7-A387-C6D0BCB88E56}.Debug|x86.ActiveCfg = Debug|Win32
		{6685EE0A-26ED-43B7-A387-C6D0BCB88E56}.Debug|x86.Build.0 = Debug|Win32
		{6685EE0A-26ED-43B7-A387-C6D0BCB88E56}.Release|x64.ActiveCfg = Release|x64
		{6685EE0A-26ED-43B7-A387-C6D0BCB88E56}.Release|x64.Build.0 = Release|x64
		{6685EE0A-26ED-43B7-A387-C6D0BCB88E56}.Release|x86.ActiveCfg = Release|Win32
		{6685EE0A-26ED-43B7-A387-C6D0BCB88E56}.Release|x86.Build.0 = Release|Win32
		{D44C093E-B726-423B-8D29-6EEB2EA4FE51}.Debug|x64.ActiveCfg = Debug|x64
		{D44C093E-B726-423B-8D29-6EEB2EA4FE51}.Debug|x64.Build.0 = Debug|x64
		{D44C093E-B726-423B-8D29-6EEB2EA4FE51}.Debug|x86.ActiveCfg = Debug|Win32
		{D44C093E-B726-423B-8D29-6EEB2EA4FE51}.Debug|x86.Build.0 = Debug|Win32
		{D44C093E-B726-423B-8D29-6EEB2EA4FE51}.Release|x64.ActiveCfg = Release|x64
		{D44C093E-B726-423B-8D29-6EEB2EA4FE51}.Release|x64.Build.0 = Release|x64
		{D44C093E-B726-423B-8D29-6EEB2EA4FE51}.Release|x86.ActiveCfg = Release|Win32
		{D44C093E-B726-423B-8D29-6EEB2EA4FE51}.Release|x86.Build.0 = Release|Win32
		{F2652B48-EDEC-4AF4-A65F-0DF319C74337}.Debug|x64.ActiveCfg = Debug|x64
		{F2652B48-EDEC-4AF4-A65F-0DF319C74337}.Debug|x64.Build.0 = Debug|x64
		{F2652B48-EDEC-4AF4-A65F-0DF319C74337}.Debug|x86.ActiveCfg = Debug|Win32
		{F2652B48-EDEC-4AF4-A65F-0DF319C74337}.Debug|x86.Build.0 = Debug|Win32
		{F2652B48-EDEC-4AF4-A65F-0DF319C74337}.Release|x64.ActiveCfg = Release|x64
		{F2652B48-EDEC-4AF4-A65F-0DF319C74337}.Release|x64.Build.0 = Release|x64
		{F2652B48-EDEC-4AF4-A65F-0DF319C74337}.Release|x86.ActiveCfg = Release|Win32
		{F2652B48-EDEC-4AF4-A65F-0DF319C74337}.Release|x86.Build.0 = Release|Win32
		{0E52C54D-CDB1-4886-8723-3A274B2D8B24}.Debug|x64.ActiveCfg = Debug|x64
		{0E52C54D-CDB1-4886-8723-3A274B2D8B24}.Debug|x64.Build.0 = Debug|x64
		{0E52C54D-CDB1-4886-8723-3A274B2D8B24}.Debug|x86.ActiveCfg = Debug|Win32
		{0E52C54D-CDB1-4886-8723-3A274B2D8B24}.Debug|x86.Build.0 = Debug|Win32
		{0E52C54D-CDB1-4886-8723-3A274B2D8B24}.Release|x64.ActiveCfg = Release|x64
		{0E52C54D-CDB1-4886-8723-3A274B2D8B24}.Release|x64.Build.0 = Release|x64
		{0E52C54D-CDB1-4886-8723-3A274B2D8B24}.Release|x86.ActiveCfg = Release|Win32
		{0E52C54D-CDB1-4886-8723-3A274B2D8B24}.Release|x86.Build.0 = Release|Win32
		{7B46B273-7C65-4008-880B-AFA436B077FE}.Debug|x64.ActiveCfg = Debug|x64
		{7B46B273-7C65-4008-880B-AFA436B077FE}.Debug|x64.Build.0 = Debug|x64
		{7B46B273-7C65-4008-880B-AFA436B077FE}.Debug|x86.ActiveCfg = Debug|Win32
		{7B46B273-7C65-4008-880B-AFA436B077FE}.Debug|x86.Build.0 = Debug|Win32
		{7B46B273-7C65-4008-880B-AFA436B077FE}.Release|x64.ActiveCfg = Release|x64
		{7B46B273-7C65-4008-880B-AFA436B077FE}.Release|x64.Build.0 = Release|x64
		{7B46B273-7C65-4008-880B-AFA436B077FE}.Release|x86.ActiveCfg = Release|Win32
		{7B46B273-7C65-4008-880B-AFA436B077FE}.Release|x86.Build.0 = Release|Win32
		{E0DBDB06-A9A6-4846-B130-4A82BB256E10}.Debug|x64.ActiveCfg = Debug|x64
		{E0DBDB06-A9A6-4846-B130-4A82BB256E10}.Debug|x64.Build.0 = Debug|x64
		{E0DBDB06-A9A6-4846-B130-4A82BB256E10}.Debug|x86.ActiveCfg = Debug|Win32
		{E0DBDB06-A9A6-4846-B130-4A82BB256E10}.Debug|x86.Build.0 = Debug|Win32
		{E0DBDB06-A9A6-4846-B130-4A82BB256E10}.Release|x64.ActiveCfg = Release|x64
		{E0DBDB06-A9A6-4846-B130-4A82BB256E10}.Release|x64.Build.0 = Release|x64
		{E0DBDB06-A9A6-4846-B130-4A82BB256E10}.Release|x86.ActiveCfg = Release|Win32
		{E0DBDB06-A9A6-4846-B130-4A82BB256E10}.Release|x86.Build.0 = Release|Win32
		{5F5D74A2-AF6A-4B7B-A314-6E71AE069833}.Debug|x64.ActiveCfg = Debug|x64
		{5F5D74A2-AF6A-4B7B-A314-6E71AE069833}.Debug|x64.Build.0 = Debug|x64
		{5F5D74A2-AF6A-4B7B-A314-6E71AE069833}.Debug|x86.ActiveCfg = Debug|Win32
		{5F5D74A2-AF6A-4B7B-A314-6E71AE069833}.Debug|x86.Build.0 = Debug|Win32
		{5F5D74A2-AF6A-4B7B-A314-6E71AE069833}.Release|x64.ActiveCfg = Release|x64
		{5F5D74A2-AF6A-4B7B-A314-6E71AE069833}.Release|x64.Build.0 = Release|x64
		{5F5D74A2-AF6A-4B7B-A314-6E71AE069833}.Release|x86.ActiveCfg = Release|Win32
		{5F5D74A2-AF6A-4B7B-A314-6E71AE069833}.Release|x86.Build.0 = Release|Win32
		{C7D2CFDC-853A-47CA-B27D-526ABAA21494}.Debug|x64.ActiveCfg = Debug|x64
		{C7D2CFDC-853A-47CA-B27D-526ABAA21494}.Debug|x64.Build.0 = Debug|x64
		{C7D2CFDC-853A-47CA-B27D-526ABAA21494}.Debug|x86.ActiveCfg = Debug|Win32
		{C7D2CFDC-853A-47CA-B27D-526ABAA21494}.Debug|x86.Build.0 = Debug|Win32
		{C7D2CFDC-853A-47CA-B27D-526ABAA21494}.Release|x64.ActiveCfg = Release|x64
		{C7D2CFDC-853A-47CA-B27D-526ABAA21494}.Release|x64.Build.0 = Release|x64
		{C7D2CFDC-853A-47CA-B27D-526ABAA21494}.Release|x86.ActiveCfg = Release|Win32
		{C7D2CFDC-853A-47CA-B27D-526ABAA21494}.Release|x86.Build.0 = Release|Win32
		{960F6F5B-7F05-43C0-8AC1-5FCEFE25E2A6}.Debug|x64.ActiveCfg = Debug|x64
		{960F6F5B-7F05-43C0-8AC1-5FCEFE25E2A6}.Debug|x64.Build.0 = Debug|x64
		{960F6F5B-7F05-43C0-8AC1-5FCEFE25E2A6}.Debug|x86.ActiveCfg = Debug|Win32
		{960F6F5B-7F05-43C0-8AC1-5FCEFE25E2A6}.Debug|x86.Build.0 = Debug|Win32
		{960F6F5B-7F05-43C0-8AC1-5FCEFE25E2A6}.Release|x64.ActiveCfg = Release|x64
		{960F6F5B-7F05-43C0-8AC1-5FCEFE25E2A6}.Release|x64.Build.0 = Release|x64
		{960F6F5B-7F05-43C0-8AC1-5FCEFE25E2A6}.Release|x86.ActiveCfg = Release|Win32
		{960F6F5B-7F05-43C0-8AC1-5FCEFE25E2A6}.Release|x86.Build.0 = Release|Win32
		{51765890-A247-4207-8E17-C15C8E951EEC}.Debug|x64.ActiveCfg = Debug|x64
		{51765890-A247-4207-8E17-C15C8E951EEC}.Debug|x64.Build.0 = Debug|x64
		{51765890-A247-4207-8E17-C15C8E951EEC}.Debug|x86.ActiveCfg = Debug|Win32
		{51765890-A247-4207-8E17-C15C8E951EEC}.Debug|x86.Build.0 = Debug|Win32
		{51765890-A247-4207-8E17-C15C8E951EEC}.Release|x64.ActiveCfg = Release|x64
		{51765890-A247-4207-8E17-C15C8E951EEC}.Release|x64.Build.0 = Release|x64
		{51765890-A247-4207-8E17-C15C8E951EEC}.Release|x86.ActiveCfg = Release|Win32
		{51765890-A247-4207-8E17-C15C8E951EEC}.Release|x86.Build.0 = Release|Win32
		{4EFB24CA-8894-4F49-8CAA-6AB70B65E7EF}.Debug|x64.ActiveCfg = Debug|x64
		{4EFB24CA-8894-4F49-8CAA-6AB70B65E7EF}.Debug|x64.Build.0 = Debug|x64
		{4EFB24CA-8894-4F49-8CAA-6AB70B65E7EF}.Debug|x86.ActiveCfg = Debug|Win32
		{4EFB24CA-8894-4F49-8CAA-6AB70B65E7EF}.Debug|x86.Build.0 = Debug|Win32
		{4EFB24CA-8894-4F49-8CAA-6AB70B65E7EF}.Release|x64.ActiveCfg = Release|x64
		{4EFB24CA-8894-4F49-8CAA-6AB70B65E7EF}.Release|x64.Build.0 = Release|x64
		{4EFB24CA-8894-4F49-8CAA-6AB70B65E7EF}.Release|x86.ActiveCfg = Release|Win32
		{4EFB24CA-8894-4F49-8CAA-6AB70B65E7EF}.Release|x86.Build.0 = Release|Win32
		{1BAF19EA-668D-4A93-9E12-41F7D06F2D52}.Debug|x64.ActiveCfg = Debug|x64
		{1BAF19EA-668D-4A93-9E12-41F7D06F2D52}.Debug|x64.Build.0 = Debug|x64
		{1BAF19EA-668D-4A93-9E12-41F7D06F2D52}.Debug|x86.ActiveCfg = Debug|Win32
		{1BAF19EA-668D-4A93-9E12-41F7D06F2D52}.Debug|x86.Build.0 = Debug|Win32
		{1BAF19EA-668D-4A93-9E12-41F7D06F2D52}.Release|x64.ActiveCfg = Release|x64
		{1BAF19EA-668D-4A93-9E12-41F7D06F2D52}.Release|x64.Build.0 = Release|x64
		{1BAF19EA-668D-4A93-9E12-41F7D06F2D52}.Release|x86.ActiveCfg = Release|Win32
		{1BAF19EA-668D-4A93-9E12-41F7D06F2D52}.Release|x86.Build.0 = Release|Win32
	EndGlobalSection
	GlobalSection(SolutionProperties) = preSolution
		HideSolutionNode = FALSE
	EndGlobalSection
EndGlobal
